
Microsoft Visual Studio Solution File, Format Version 12.00
# Visual Studio Version 16
VisualStudioVersion = 16.0.29001.49
MinimumVisualStudioVersion = 10.0.40219.1
Project("{FAE04EC0-301F-11D3-BF4B-00C04F79EFBC}") = "TestChat", "TestChat\TestChat.csproj", "{AE0F4332-D85E-4F1A-8EC6-375D2EDC6832}"
EndProject
Global
	GlobalSection(SolutionConfigurationPlatforms) = preSolution
		Debug|Any CPU = Debug|Any CPU
		Release|Any CPU = Release|Any CPU
	EndGlobalSection
	GlobalSection(ProjectConfigurationPlatforms) = postSolution
		{AE0F4332-D85E-4F1A-8EC6-375D2EDC6832}.Debug|Any CPU.ActiveCfg = Debug|Any CPU
		{AE0F4332-D85E-4F1A-8EC6-375D2EDC6832}.Debug|Any CPU.Build.0 = Debug|Any CPU
		{AE0F4332-D85E-4F1A-8EC6-375D2EDC6832}.Release|Any CPU.ActiveCfg = Release|Any CPU
		{AE0F4332-D85E-4F1A-8EC6-375D2EDC6832}.Release|Any CPU.Build.0 = Release|Any CPU
	EndGlobalSection
	GlobalSection(SolutionProperties) = preSolution
		HideSolutionNode = FALSE
	EndGlobalSection
	GlobalSection(ExtensibilityGlobals) = postSolution
		SolutionGuid = {63E17D4B-83BC-4E38-A57E-CBA7D120965B}
	EndGlobalSection
EndGlobal
